<?xml version="1.0" encoding="utf-8"?>
<Project ToolsVersion="4.0" xmlns="http://schemas.microsoft.com/developer/msbuild/2003">
  <ItemGroup>
    <Filter Include="资源文件">
      <UniqueIdentifier>{67DA6AB6-F800-4c08-8B7A-83BB121AAD01}</UniqueIdentifier>
      <Extensions>rc;ico;cur;bmp;dlg;rc2;rct;bin;rgs;gif;jpg;jpeg;jpe;resx;tiff;tif;png;wav;mfcribbon-ms</Extensions>
    </Filter>
    <Filter Include="源文件">
      <UniqueIdentifier>{657f34c4-f14f-4fef-a400-9248357d6b70}</UniqueIdentifier>
    </Filter>
    <Filter Include="头文件">
      <UniqueIdentifier>{4e9e64ba-cbd4-404b-974f-1cbd46e73fa2}</UniqueIdentifier>
    </Filter>
  </ItemGroup>
  <ItemGroup>
    <None Include="readme.txt">
      <Filter>资源文件</Filter>
    </None>
    <None Include="..\source\Album.txt">
      <Filter>资源文件</Filter>
    </None>
    <None Include="Res\logo\BaiduMusic.ico">
      <Filter>资源文件</Filter>
    </None>
    <None Include="..\source\List.txt">
      <Filter>资源文件</Filter>
    </None>
  </ItemGroup>
  <ItemGroup>
    <ClCompile Include="..\source\DuiFrameWnd.cpp">
      <Filter>源文件</Filter>
    </ClCompile>
    <ClCompile Include="..\source\main.cpp">
      <Filter>源文件</Filter>
    </ClCompile>
    <ClCompile Include="..\source\MenuWnd.cpp">
      <Filter>源文件</Filter>
    </ClCompile>
    <ClCompile Include="..\source\MusicListElement.cpp">
      <Filter>源文件</Filter>
    </ClCompile>
    <ClCompile Include="..\source\PlayList.cpp">
      <Filter>源文件</Filter>
    </ClCompile>
    <ClCompile Include="..\source\SettingWnd.cpp">
      <Filter>源文件</Filter>
    </ClCompile>
    <ClCompile Include="..\source\UIAlbum.cpp">
      <Filter>源文件</Filter>
    </ClCompile>
    <ClCompile Include="..\source\trayicon.cpp">
      <Filter>源文件</Filter>
    </ClCompile>
    <ClCompile Include="..\source\MusicTest.cpp">
      <Filter>源文件</Filter>
    </ClCompile>
  </ItemGroup>
  <ItemGroup>
    <ClInclude Include="..\include\DefineUnicode.h">
      <Filter>头文件</Filter>
    </ClInclude>
    <ClInclude Include="..\include\DuiFrameWnd.h">
      <Filter>头文件</Filter>
    </ClInclude>
    <ClInclude Include="..\include\duilib.h">
      <Filter>头文件</Filter>
    </ClInclude>
    <ClInclude Include="..\include\KDetectMemoryLeak.h">
      <Filter>头文件</Filter>
    </ClInclude>
    <ClInclude Include="..\include\libzplay.h">
      <Filter>头文件</Filter>
    </ClInclude>
    <ClInclude Include="..\include\MenuWnd.h">
      <Filter>头文件</Filter>
    </ClInclude>
    <ClInclude Include="..\include\MusicListElement.h">
      <Filter>头文件</Filter>
    </ClInclude>
    <ClInclude Include="..\include\PlayList.h">
      <Filter>头文件</Filter>
    </ClInclude>
    <ClInclude Include="..\include\SettingWnd.h">
      <Filter>头文件</Filter>
    </ClInclude>
    <ClInclude Include="..\include\ImageInit.h">
      <Filter>头文件</Filter>
    </ClInclude>
    <ClInclude Include="..\include\UIAlbum.h">
      <Filter>头文件</Filter>
    </ClInclude>
    <ClInclude Include="..\include\trayicon.h">
      <Filter>头文件</Filter>
    </ClInclude>
    <ClInclude Include="resource.h" />
    <ClInclude Include="..\include\eventmsg.h">
      <Filter>头文件</Filter>
    </ClInclude>
    <ClInclude Include="..\include\MusicTest.h">
      <Filter>头文件</Filter>
    </ClInclude>
  </ItemGroup>
  <ItemGroup>
    <ResourceCompile Include="BaiduMusic.rc">
      <Filter>资源文件</Filter>
    </ResourceCompile>
  </ItemGroup>
</Project>